// !$*UTF8*$!
{
	archiveVersion = 1;
	classes = {
	};
	objectVersion = 56;
	objects = {

/* Begin PBXBuildFile section */
		84CD66BC2A37A62200E2351C /* AppDelegate.swift in Sources */ = {isa = PBXBuildFile; fileRef = 84CD66BB2A37A62200E2351C /* AppDelegate.swift */; };
		84CD66C02A37A62200E2351C /* LoginViewController.swift in Sources */ = {isa = PBXBuildFile; fileRef = 84CD66BF2A37A62200E2351C /* LoginViewController.swift */; };
		84CD66C52A37A62300E2351C /* Assets.xcassets in Resources */ = {isa = PBXBuildFile; fileRef = 84CD66C42A37A62300E2351C /* Assets.xcassets */; };
		84CD66C82A37A62300E2351C /* LaunchScreen.storyboard in Resources */ = {isa = PBXBuildFile; fileRef = 84CD66C62A37A62300E2351C /* LaunchScreen.storyboard */; };
		84CD66D32A37A62300E2351C /* ProteinCodeChallangeTests.swift in Sources */ = {isa = PBXBuildFile; fileRef = 84CD66D22A37A62300E2351C /* ProteinCodeChallangeTests.swift */; };
		84CD66DD2A37A62300E2351C /* ProteinCodeChallangeUITests.swift in Sources */ = {isa = PBXBuildFile; fileRef = 84CD66DC2A37A62300E2351C /* ProteinCodeChallangeUITests.swift */; };
		84CD66DF2A37A62300E2351C /* ProteinCodeChallangeUITestsLaunchTests.swift in Sources */ = {isa = PBXBuildFile; fileRef = 84CD66DE2A37A62300E2351C /* ProteinCodeChallangeUITestsLaunchTests.swift */; };
		84CD66EF2A37AB8800E2351C /* BaseViewController.swift in Sources */ = {isa = PBXBuildFile; fileRef = 84CD66EE2A37AB8800E2351C /* BaseViewController.swift */; };
		84CD66F12A37ABB200E2351C /* BaseViewModel.swift in Sources */ = {isa = PBXBuildFile; fileRef = 84CD66F02A37ABB200E2351C /* BaseViewModel.swift */; };
		84CD66F32A37ABCB00E2351C /* BaseRouter.swift in Sources */ = {isa = PBXBuildFile; fileRef = 84CD66F22A37ABCB00E2351C /* BaseRouter.swift */; };
		84CD66F62A37AC1000E2351C /* Transition.swift in Sources */ = {isa = PBXBuildFile; fileRef = 84CD66F52A37AC1000E2351C /* Transition.swift */; };
		84CD66F92A37AC8100E2351C /* AppRoute.swift in Sources */ = {isa = PBXBuildFile; fileRef = 84CD66F82A37AC8100E2351C /* AppRoute.swift */; };
		84CD66FE2A37ACDE00E2351C /* LoginRouter.swift in Sources */ = {isa = PBXBuildFile; fileRef = 84CD66FD2A37ACDE00E2351C /* LoginRouter.swift */; };
		84CD67002A37ACED00E2351C /* LoginViewModel.swift in Sources */ = {isa = PBXBuildFile; fileRef = 84CD66FF2A37ACED00E2351C /* LoginViewModel.swift */; };
		84CD67032A37B2A000E2351C /* DashboardViewController.swift in Sources */ = {isa = PBXBuildFile; fileRef = 84CD67022A37B2A000E2351C /* DashboardViewController.swift */; };
		84CD67052A37B2AB00E2351C /* DashboardViewModel.swift in Sources */ = {isa = PBXBuildFile; fileRef = 84CD67042A37B2AB00E2351C /* DashboardViewModel.swift */; };
		84CD67072A37B2B900E2351C /* DashboardRouter.swift in Sources */ = {isa = PBXBuildFile; fileRef = 84CD67062A37B2B900E2351C /* DashboardRouter.swift */; };
		84CD67092A37B2FF00E2351C /* DashboardRoute.swift in Sources */ = {isa = PBXBuildFile; fileRef = 84CD67082A37B2FF00E2351C /* DashboardRoute.swift */; };
		84CD670C2A37B66A00E2351C /* UserManager.swift in Sources */ = {isa = PBXBuildFile; fileRef = 84CD670B2A37B66A00E2351C /* UserManager.swift */; };
		84CD670E2A37B67100E2351C /* User.swift in Sources */ = {isa = PBXBuildFile; fileRef = 84CD670D2A37B67100E2351C /* User.swift */; };
		84CD67112A37B82300E2351C /* Realm in Frameworks */ = {isa = PBXBuildFile; productRef = 84CD67102A37B82300E2351C /* Realm */; };
		84CD67132A37B82300E2351C /* RealmSwift in Frameworks */ = {isa = PBXBuildFile; productRef = 84CD67122A37B82300E2351C /* RealmSwift */; };
		84CD67152A37B8F900E2351C /* UserAPIResponse.swift in Sources */ = {isa = PBXBuildFile; fileRef = 84CD67142A37B8F900E2351C /* UserAPIResponse.swift */; };
		84CD67192A37BCF100E2351C /* UserObject.swift in Sources */ = {isa = PBXBuildFile; fileRef = 84CD67182A37BCF100E2351C /* UserObject.swift */; };
		84CD671C2A37BD4B00E2351C /* User+Extension.swift in Sources */ = {isa = PBXBuildFile; fileRef = 84CD671B2A37BD4B00E2351C /* User+Extension.swift */; };
		84CD671F2A37C06900E2351C /* Kingfisher in Frameworks */ = {isa = PBXBuildFile; productRef = 84CD671E2A37C06900E2351C /* Kingfisher */; };
		84CD67232A37C0C500E2351C /* UserCell.swift in Sources */ = {isa = PBXBuildFile; fileRef = 84CD67222A37C0C500E2351C /* UserCell.swift */; };
		84CD67252A37C3C500E2351C /* UIImageView+Extension.swift in Sources */ = {isa = PBXBuildFile; fileRef = 84CD67242A37C3C500E2351C /* UIImageView+Extension.swift */; };
		84CD67282A37CE1300E2351C /* NetworkMonitor.swift in Sources */ = {isa = PBXBuildFile; fileRef = 84CD67272A37CE1300E2351C /* NetworkMonitor.swift */; };
		84CD672C2A37D18C00E2351C /* Constants.swift in Sources */ = {isa = PBXBuildFile; fileRef = 84CD672B2A37D18C00E2351C /* Constants.swift */; };
		84CD67302A37D49D00E2351C /* UserDetailViewModel.swift in Sources */ = {isa = PBXBuildFile; fileRef = 84CD672F2A37D49D00E2351C /* UserDetailViewModel.swift */; };
		84CD67322A37D4A900E2351C /* UserDetailRouter.swift in Sources */ = {isa = PBXBuildFile; fileRef = 84CD67312A37D4A900E2351C /* UserDetailRouter.swift */; };
		84CD67342A37D4DB00E2351C /* UserDetailViewController.swift in Sources */ = {isa = PBXBuildFile; fileRef = 84CD67332A37D4DB00E2351C /* UserDetailViewController.swift */; };
		84CD67362A37D5ED00E2351C /* UserDetailRoute.swift in Sources */ = {isa = PBXBuildFile; fileRef = 84CD67352A37D5ED00E2351C /* UserDetailRoute.swift */; };
		84CD67382A37DC2800E2351C /* Int+Extension.swift in Sources */ = {isa = PBXBuildFile; fileRef = 84CD67372A37DC2800E2351C /* Int+Extension.swift */; };
		84CD673A2A37E31200E2351C /* GeolocationManager.swift in Sources */ = {isa = PBXBuildFile; fileRef = 84CD67392A37E31200E2351C /* GeolocationManager.swift */; };
/* End PBXBuildFile section */

/* Begin PBXContainerItemProxy section */
		84CD66CF2A37A62300E2351C /* PBXContainerItemProxy */ = {
			isa = PBXContainerItemProxy;
			containerPortal = 84CD66B02A37A62200E2351C /* Project object */;
			proxyType = 1;
			remoteGlobalIDString = 84CD66B72A37A62200E2351C;
			remoteInfo = ProteinCodeChallange;
		};
		84CD66D92A37A62300E2351C /* PBXContainerItemProxy */ = {
			isa = PBXContainerItemProxy;
			containerPortal = 84CD66B02A37A62200E2351C /* Project object */;
			proxyType = 1;
			remoteGlobalIDString = 84CD66B72A37A62200E2351C;
			remoteInfo = ProteinCodeChallange;
		};
/* End PBXContainerItemProxy section */

/* Begin PBXFileReference section */
		84CD66B82A37A62200E2351C /* ProteinCodeChallange.app */ = {isa = PBXFileReference; explicitFileType = wrapper.application; includeInIndex = 0; path = ProteinCodeChallange.app; sourceTree = BUILT_PRODUCTS_DIR; };
		84CD66BB2A37A62200E2351C /* AppDelegate.swift */ = {isa = PBXFileReference; lastKnownFileType = sourcecode.swift; path = AppDelegate.swift; sourceTree = "<group>"; };
		84CD66BF2A37A62200E2351C /* LoginViewController.swift */ = {isa = PBXFileReference; lastKnownFileType = sourcecode.swift; path = LoginViewController.swift; sourceTree = "<group>"; };
		84CD66C42A37A62300E2351C /* Assets.xcassets */ = {isa = PBXFileReference; lastKnownFileType = folder.assetcatalog; path = Assets.xcassets; sourceTree = "<group>"; };
		84CD66C72A37A62300E2351C /* Base */ = {isa = PBXFileReference; lastKnownFileType = file.storyboard; name = Base; path = Base.lproj/LaunchScreen.storyboard; sourceTree = "<group>"; };
		84CD66C92A37A62300E2351C /* Info.plist */ = {isa = PBXFileReference; lastKnownFileType = text.plist.xml; path = Info.plist; sourceTree = "<group>"; };
		84CD66CE2A37A62300E2351C /* ProteinCodeChallangeTests.xctest */ = {isa = PBXFileReference; explicitFileType = wrapper.cfbundle; includeInIndex = 0; path = ProteinCodeChallangeTests.xctest; sourceTree = BUILT_PRODUCTS_DIR; };
		84CD66D22A37A62300E2351C /* ProteinCodeChallangeTests.swift */ = {isa = PBXFileReference; lastKnownFileType = sourcecode.swift; path = ProteinCodeChallangeTests.swift; sourceTree = "<group>"; };
		84CD66D82A37A62300E2351C /* ProteinCodeChallangeUITests.xctest */ = {isa = PBXFileReference; explicitFileType = wrapper.cfbundle; includeInIndex = 0; path = ProteinCodeChallangeUITests.xctest; sourceTree = BUILT_PRODUCTS_DIR; };
		84CD66DC2A37A62300E2351C /* ProteinCodeChallangeUITests.swift */ = {isa = PBXFileReference; lastKnownFileType = sourcecode.swift; path = ProteinCodeChallangeUITests.swift; sourceTree = "<group>"; };
		84CD66DE2A37A62300E2351C /* ProteinCodeChallangeUITestsLaunchTests.swift */ = {isa = PBXFileReference; lastKnownFileType = sourcecode.swift; path = ProteinCodeChallangeUITestsLaunchTests.swift; sourceTree = "<group>"; };
		84CD66EE2A37AB8800E2351C /* BaseViewController.swift */ = {isa = PBXFileReference; lastKnownFileType = sourcecode.swift; path = BaseViewController.swift; sourceTree = "<group>"; };
		84CD66F02A37ABB200E2351C /* BaseViewModel.swift */ = {isa = PBXFileReference; lastKnownFileType = sourcecode.swift; path = BaseViewModel.swift; sourceTree = "<group>"; };
		84CD66F22A37ABCB00E2351C /* BaseRouter.swift */ = {isa = PBXFileReference; lastKnownFileType = sourcecode.swift; path = BaseRouter.swift; sourceTree = "<group>"; };
		84CD66F52A37AC1000E2351C /* Transition.swift */ = {isa = PBXFileReference; lastKnownFileType = sourcecode.swift; path = Transition.swift; sourceTree = "<group>"; };
		84CD66F82A37AC8100E2351C /* AppRoute.swift */ = {isa = PBXFileReference; lastKnownFileType = sourcecode.swift; path = AppRoute.swift; sourceTree = "<group>"; };
		84CD66FD2A37ACDE00E2351C /* LoginRouter.swift */ = {isa = PBXFileReference; lastKnownFileType = sourcecode.swift; path = LoginRouter.swift; sourceTree = "<group>"; };
		84CD66FF2A37ACED00E2351C /* LoginViewModel.swift */ = {isa = PBXFileReference; lastKnownFileType = sourcecode.swift; path = LoginViewModel.swift; sourceTree = "<group>"; };
		84CD67022A37B2A000E2351C /* DashboardViewController.swift */ = {isa = PBXFileReference; lastKnownFileType = sourcecode.swift; path = DashboardViewController.swift; sourceTree = "<group>"; };
		84CD67042A37B2AB00E2351C /* DashboardViewModel.swift */ = {isa = PBXFileReference; lastKnownFileType = sourcecode.swift; path = DashboardViewModel.swift; sourceTree = "<group>"; };
		84CD67062A37B2B900E2351C /* DashboardRouter.swift */ = {isa = PBXFileReference; lastKnownFileType = sourcecode.swift; path = DashboardRouter.swift; sourceTree = "<group>"; };
		84CD67082A37B2FF00E2351C /* DashboardRoute.swift */ = {isa = PBXFileReference; lastKnownFileType = sourcecode.swift; path = DashboardRoute.swift; sourceTree = "<group>"; };
		84CD670B2A37B66A00E2351C /* UserManager.swift */ = {isa = PBXFileReference; lastKnownFileType = sourcecode.swift; path = UserManager.swift; sourceTree = "<group>"; };
		84CD670D2A37B67100E2351C /* User.swift */ = {isa = PBXFileReference; lastKnownFileType = sourcecode.swift; path = User.swift; sourceTree = "<group>"; };
		84CD67142A37B8F900E2351C /* UserAPIResponse.swift */ = {isa = PBXFileReference; lastKnownFileType = sourcecode.swift; path = UserAPIResponse.swift; sourceTree = "<group>"; };
		84CD67182A37BCF100E2351C /* UserObject.swift */ = {isa = PBXFileReference; lastKnownFileType = sourcecode.swift; path = UserObject.swift; sourceTree = "<group>"; };
		84CD671B2A37BD4B00E2351C /* User+Extension.swift */ = {isa = PBXFileReference; lastKnownFileType = sourcecode.swift; path = "User+Extension.swift"; sourceTree = "<group>"; };
		84CD67222A37C0C500E2351C /* UserCell.swift */ = {isa = PBXFileReference; lastKnownFileType = sourcecode.swift; path = UserCell.swift; sourceTree = "<group>"; };
		84CD67242A37C3C500E2351C /* UIImageView+Extension.swift */ = {isa = PBXFileReference; lastKnownFileType = sourcecode.swift; path = "UIImageView+Extension.swift"; sourceTree = "<group>"; };
		84CD67272A37CE1300E2351C /* NetworkMonitor.swift */ = {isa = PBXFileReference; lastKnownFileType = sourcecode.swift; path = NetworkMonitor.swift; sourceTree = "<group>"; };
		84CD672B2A37D18C00E2351C /* Constants.swift */ = {isa = PBXFileReference; lastKnownFileType = sourcecode.swift; path = Constants.swift; sourceTree = "<group>"; };
		84CD672F2A37D49D00E2351C /* UserDetailViewModel.swift */ = {isa = PBXFileReference; lastKnownFileType = sourcecode.swift; path = UserDetailViewModel.swift; sourceTree = "<group>"; };
		84CD67312A37D4A900E2351C /* UserDetailRouter.swift */ = {isa = PBXFileReference; lastKnownFileType = sourcecode.swift; path = UserDetailRouter.swift; sourceTree = "<group>"; };
		84CD67332A37D4DB00E2351C /* UserDetailViewController.swift */ = {isa = PBXFileReference; lastKnownFileType = sourcecode.swift; path = UserDetailViewController.swift; sourceTree = "<group>"; };
		84CD67352A37D5ED00E2351C /* UserDetailRoute.swift */ = {isa = PBXFileReference; lastKnownFileType = sourcecode.swift; path = UserDetailRoute.swift; sourceTree = "<group>"; };
		84CD67372A37DC2800E2351C /* Int+Extension.swift */ = {isa = PBXFileReference; lastKnownFileType = sourcecode.swift; path = "Int+Extension.swift"; sourceTree = "<group>"; };
		84CD67392A37E31200E2351C /* GeolocationManager.swift */ = {isa = PBXFileReference; lastKnownFileType = sourcecode.swift; path = GeolocationManager.swift; sourceTree = "<group>"; };
/* End PBXFileReference section */

/* Begin PBXFrameworksBuildPhase section */
		84CD66B52A37A62200E2351C /* Frameworks */ = {
			isa = PBXFrameworksBuildPhase;
			buildActionMask = 2147483647;
			files = (
				84CD671F2A37C06900E2351C /* Kingfisher in Frameworks */,
				84CD67132A37B82300E2351C /* RealmSwift in Frameworks */,
				84CD67112A37B82300E2351C /* Realm in Frameworks */,
			);
			runOnlyForDeploymentPostprocessing = 0;
		};
		84CD66CB2A37A62300E2351C /* Frameworks */ = {
			isa = PBXFrameworksBuildPhase;
			buildActionMask = 2147483647;
			files = (
			);
			runOnlyForDeploymentPostprocessing = 0;
		};
		84CD66D52A37A62300E2351C /* Frameworks */ = {
			isa = PBXFrameworksBuildPhase;
			buildActionMask = 2147483647;
			files = (
			);
			runOnlyForDeploymentPostprocessing = 0;
		};
/* End PBXFrameworksBuildPhase section */

/* Begin PBXGroup section */
		84CD66AF2A37A62200E2351C = {
			isa = PBXGroup;
			children = (
				84CD66BA2A37A62200E2351C /* ProteinCodeChallange */,
				84CD66D12A37A62300E2351C /* ProteinCodeChallangeTests */,
				84CD66DB2A37A62300E2351C /* ProteinCodeChallangeUITests */,
				84CD66B92A37A62200E2351C /* Products */,
			);
			sourceTree = "<group>";
		};
		84CD66B92A37A62200E2351C /* Products */ = {
			isa = PBXGroup;
			children = (
				84CD66B82A37A62200E2351C /* ProteinCodeChallange.app */,
				84CD66CE2A37A62300E2351C /* ProteinCodeChallangeTests.xctest */,
				84CD66D82A37A62300E2351C /* ProteinCodeChallangeUITests.xctest */,
			);
			name = Products;
			sourceTree = "<group>";
		};
		84CD66BA2A37A62200E2351C /* ProteinCodeChallange */ = {
			isa = PBXGroup;
			children = (
				84CD67202A37C0A300E2351C /* CustomViews */,
				84CD670A2A37B61700E2351C /* DataProvider */,
				84CD66FA2A37ACB600E2351C /* Scenes */,
				84CD66EC2A37AB7000E2351C /* Helper */,
				84CD66EB2A37AB2800E2351C /* AppDelegate */,
				84CD66C42A37A62300E2351C /* Assets.xcassets */,
				84CD66C62A37A62300E2351C /* LaunchScreen.storyboard */,
				84CD66C92A37A62300E2351C /* Info.plist */,
			);
			path = ProteinCodeChallange;
			sourceTree = "<group>";
		};
		84CD66D12A37A62300E2351C /* ProteinCodeChallangeTests */ = {
			isa = PBXGroup;
			children = (
				84CD66D22A37A62300E2351C /* ProteinCodeChallangeTests.swift */,
			);
			path = ProteinCodeChallangeTests;
			sourceTree = "<group>";
		};
		84CD66DB2A37A62300E2351C /* ProteinCodeChallangeUITests */ = {
			isa = PBXGroup;
			children = (
				84CD66DC2A37A62300E2351C /* ProteinCodeChallangeUITests.swift */,
				84CD66DE2A37A62300E2351C /* ProteinCodeChallangeUITestsLaunchTests.swift */,
			);
			path = ProteinCodeChallangeUITests;
			sourceTree = "<group>";
		};
		84CD66EB2A37AB2800E2351C /* AppDelegate */ = {
			isa = PBXGroup;
			children = (
				84CD66BB2A37A62200E2351C /* AppDelegate.swift */,
			);
			path = AppDelegate;
			sourceTree = "<group>";
		};
		84CD66EC2A37AB7000E2351C /* Helper */ = {
			isa = PBXGroup;
			children = (
				84CD67292A37D16700E2351C /* Costants */,
				84CD67262A37CE0300E2351C /* NetworkMonitor */,
				84CD671A2A37BD3B00E2351C /* Extensions */,
				84CD66F72A37AC6700E2351C /* Routing */,
				84CD66F42A37AC0000E2351C /* TransitionHelper */,
				84CD66ED2A37AB7700E2351C /* Bases */,
			);
			path = Helper;
			sourceTree = "<group>";
		};
		84CD66ED2A37AB7700E2351C /* Bases */ = {
			isa = PBXGroup;
			children = (
				84CD66EE2A37AB8800E2351C /* BaseViewController.swift */,
				84CD66F02A37ABB200E2351C /* BaseViewModel.swift */,
				84CD66F22A37ABCB00E2351C /* BaseRouter.swift */,
			);
			path = Bases;
			sourceTree = "<group>";
		};
		84CD66F42A37AC0000E2351C /* TransitionHelper */ = {
			isa = PBXGroup;
			children = (
				84CD66F52A37AC1000E2351C /* Transition.swift */,
			);
			path = TransitionHelper;
			sourceTree = "<group>";
		};
		84CD66F72A37AC6700E2351C /* Routing */ = {
			isa = PBXGroup;
			children = (
				84CD66F82A37AC8100E2351C /* AppRoute.swift */,
				84CD67082A37B2FF00E2351C /* DashboardRoute.swift */,
				84CD67352A37D5ED00E2351C /* UserDetailRoute.swift */,
			);
			path = Routing;
			sourceTree = "<group>";
		};
		84CD66FA2A37ACB600E2351C /* Scenes */ = {
			isa = PBXGroup;
			children = (
				84CD672E2A37D48F00E2351C /* UserDetail */,
				84CD67012A37B28D00E2351C /* Dashboard */,
				84CD66FB2A37ACBF00E2351C /* Login */,
			);
			path = Scenes;
			sourceTree = "<group>";
		};
		84CD66FB2A37ACBF00E2351C /* Login */ = {
			isa = PBXGroup;
			children = (
				84CD66BF2A37A62200E2351C /* LoginViewController.swift */,
				84CD66FF2A37ACED00E2351C /* LoginViewModel.swift */,
				84CD66FD2A37ACDE00E2351C /* LoginRouter.swift */,
			);
			path = Login;
			sourceTree = "<group>";
		};
		84CD67012A37B28D00E2351C /* Dashboard */ = {
			isa = PBXGroup;
			children = (
				84CD67022A37B2A000E2351C /* DashboardViewController.swift */,
				84CD67042A37B2AB00E2351C /* DashboardViewModel.swift */,
				84CD67062A37B2B900E2351C /* DashboardRouter.swift */,
			);
			path = Dashboard;
			sourceTree = "<group>";
		};
		84CD670A2A37B61700E2351C /* DataProvider */ = {
			isa = PBXGroup;
			children = (
				84CD672D2A37D1E700E2351C /* Managers */,
				84CD67172A37BCD800E2351C /* RealmObjects */,
				84CD67162A37BCC700E2351C /* Models */,
			);
			path = DataProvider;
			sourceTree = "<group>";
		};
		84CD67162A37BCC700E2351C /* Models */ = {
			isa = PBXGroup;
			children = (
				84CD67142A37B8F900E2351C /* UserAPIResponse.swift */,
				84CD670D2A37B67100E2351C /* User.swift */,
			);
			path = Models;
			sourceTree = "<group>";
		};
		84CD67172A37BCD800E2351C /* RealmObjects */ = {
			isa = PBXGroup;
			children = (
				84CD67182A37BCF100E2351C /* UserObject.swift */,
			);
			path = RealmObjects;
			sourceTree = "<group>";
		};
		84CD671A2A37BD3B00E2351C /* Extensions */ = {
			isa = PBXGroup;
			children = (
				84CD671B2A37BD4B00E2351C /* User+Extension.swift */,
				84CD67242A37C3C500E2351C /* UIImageView+Extension.swift */,
				84CD67372A37DC2800E2351C /* Int+Extension.swift */,
			);
			path = Extensions;
			sourceTree = "<group>";
		};
		84CD67202A37C0A300E2351C /* CustomViews */ = {
			isa = PBXGroup;
			children = (
				84CD67212A37C0B200E2351C /* Cells */,
			);
			path = CustomViews;
			sourceTree = "<group>";
		};
		84CD67212A37C0B200E2351C /* Cells */ = {
			isa = PBXGroup;
			children = (
				84CD67222A37C0C500E2351C /* UserCell.swift */,
			);
			path = Cells;
			sourceTree = "<group>";
		};
		84CD67262A37CE0300E2351C /* NetworkMonitor */ = {
			isa = PBXGroup;
			children = (
				84CD67272A37CE1300E2351C /* NetworkMonitor.swift */,
			);
			path = NetworkMonitor;
			sourceTree = "<group>";
		};
		84CD67292A37D16700E2351C /* Costants */ = {
			isa = PBXGroup;
			children = (
				84CD672B2A37D18C00E2351C /* Constants.swift */,
			);
			path = Costants;
			sourceTree = "<group>";
		};
		84CD672D2A37D1E700E2351C /* Managers */ = {
			isa = PBXGroup;
			children = (
				84CD670B2A37B66A00E2351C /* UserManager.swift */,
				84CD67392A37E31200E2351C /* GeolocationManager.swift */,
			);
			path = Managers;
			sourceTree = "<group>";
		};
		84CD672E2A37D48F00E2351C /* UserDetail */ = {
			isa = PBXGroup;
			children = (
				84CD67332A37D4DB00E2351C /* UserDetailViewController.swift */,
				84CD672F2A37D49D00E2351C /* UserDetailViewModel.swift */,
				84CD67312A37D4A900E2351C /* UserDetailRouter.swift */,
			);
			path = UserDetail;
			sourceTree = "<group>";
		};
/* End PBXGroup section */

/* Begin PBXNativeTarget section */
		84CD66B72A37A62200E2351C /* ProteinCodeChallange */ = {
			isa = PBXNativeTarget;
			buildConfigurationList = 84CD66E22A37A62300E2351C /* Build configuration list for PBXNativeTarget "ProteinCodeChallange" */;
			buildPhases = (
				84CD66B42A37A62200E2351C /* Sources */,
				84CD66B52A37A62200E2351C /* Frameworks */,
				84CD66B62A37A62200E2351C /* Resources */,
			);
			buildRules = (
			);
			dependencies = (
			);
			name = ProteinCodeChallange;
			packageProductDependencies = (
				84CD67102A37B82300E2351C /* Realm */,
				84CD67122A37B82300E2351C /* RealmSwift */,
				84CD671E2A37C06900E2351C /* Kingfisher */,
			);
			productName = ProteinCodeChallange;
			productReference = 84CD66B82A37A62200E2351C /* ProteinCodeChallange.app */;
			productType = "com.apple.product-type.application";
		};
		84CD66CD2A37A62300E2351C /* ProteinCodeChallangeTests */ = {
			isa = PBXNativeTarget;
			buildConfigurationList = 84CD66E52A37A62300E2351C /* Build configuration list for PBXNativeTarget "ProteinCodeChallangeTests" */;
			buildPhases = (
				84CD66CA2A37A62300E2351C /* Sources */,
				84CD66CB2A37A62300E2351C /* Frameworks */,
				84CD66CC2A37A62300E2351C /* Resources */,
			);
			buildRules = (
			);
			dependencies = (
				84CD66D02A37A62300E2351C /* PBXTargetDependency */,
			);
			name = ProteinCodeChallangeTests;
			productName = ProteinCodeChallangeTests;
			productReference = 84CD66CE2A37A62300E2351C /* ProteinCodeChallangeTests.xctest */;
			productType = "com.apple.product-type.bundle.unit-test";
		};
		84CD66D72A37A62300E2351C /* ProteinCodeChallangeUITests */ = {
			isa = PBXNativeTarget;
			buildConfigurationList = 84CD66E82A37A62300E2351C /* Build configuration list for PBXNativeTarget "ProteinCodeChallangeUITests" */;
			buildPhases = (
				84CD66D42A37A62300E2351C /* Sources */,
				84CD66D52A37A62300E2351C /* Frameworks */,
				84CD66D62A37A62300E2351C /* Resources */,
			);
			buildRules = (
			);
			dependencies = (
				84CD66DA2A37A62300E2351C /* PBXTargetDependency */,
			);
			name = ProteinCodeChallangeUITests;
			productName = ProteinCodeChallangeUITests;
			productReference = 84CD66D82A37A62300E2351C /* ProteinCodeChallangeUITests.xctest */;
			productType = "com.apple.product-type.bundle.ui-testing";
		};
/* End PBXNativeTarget section */

/* Begin PBXProject section */
		84CD66B02A37A62200E2351C /* Project object */ = {
			isa = PBXProject;
			attributes = {
				BuildIndependentTargetsInParallel = 1;
				LastSwiftUpdateCheck = 1420;
				LastUpgradeCheck = 1420;
				TargetAttributes = {
					84CD66B72A37A62200E2351C = {
						CreatedOnToolsVersion = 14.2;
					};
					84CD66CD2A37A62300E2351C = {
						CreatedOnToolsVersion = 14.2;
						TestTargetID = 84CD66B72A37A62200E2351C;
					};
					84CD66D72A37A62300E2351C = {
						CreatedOnToolsVersion = 14.2;
						TestTargetID = 84CD66B72A37A62200E2351C;
					};
				};
			};
			buildConfigurationList = 84CD66B32A37A62200E2351C /* Build configuration list for PBXProject "ProteinCodeChallange" */;
			compatibilityVersion = "Xcode 14.0";
			developmentRegion = en;
			hasScannedForEncodings = 0;
			knownRegions = (
				en,
				Base,
			);
			mainGroup = 84CD66AF2A37A62200E2351C;
			packageReferences = (
				84CD670F2A37B82200E2351C /* XCRemoteSwiftPackageReference "realm-cocoa" */,
				84CD671D2A37C06900E2351C /* XCRemoteSwiftPackageReference "Kingfisher" */,
			);
			productRefGroup = 84CD66B92A37A62200E2351C /* Products */;
			projectDirPath = "";
			projectRoot = "";
			targets = (
				84CD66B72A37A62200E2351C /* ProteinCodeChallange */,
				84CD66CD2A37A62300E2351C /* ProteinCodeChallangeTests */,
				84CD66D72A37A62300E2351C /* ProteinCodeChallangeUITests */,
			);
		};
/* End PBXProject section */

/* Begin PBXResourcesBuildPhase section */
		84CD66B62A37A62200E2351C /* Resources */ = {
			isa = PBXResourcesBuildPhase;
			buildActionMask = 2147483647;
			files = (
				84CD66C82A37A62300E2351C /* LaunchScreen.storyboard in Resources */,
				84CD66C52A37A62300E2351C /* Assets.xcassets in Resources */,
			);
			runOnlyForDeploymentPostprocessing = 0;
		};
		84CD66CC2A37A62300E2351C /* Resources */ = {
			isa = PBXResourcesBuildPhase;
			buildActionMask = 2147483647;
			files = (
			);
			runOnlyForDeploymentPostprocessing = 0;
		};
		84CD66D62A37A62300E2351C /* Resources */ = {
			isa = PBXResourcesBuildPhase;
			buildActionMask = 2147483647;
			files = (
			);
			runOnlyForDeploymentPostprocessing = 0;
		};
/* End PBXResourcesBuildPhase section */

/* Begin PBXSourcesBuildPhase section */
		84CD66B42A37A62200E2351C /* Sources */ = {
			isa = PBXSourcesBuildPhase;
			buildActionMask = 2147483647;
			files = (
				84CD67092A37B2FF00E2351C /* DashboardRoute.swift in Sources */,
				84CD672C2A37D18C00E2351C /* Constants.swift in Sources */,
				84CD67302A37D49D00E2351C /* UserDetailViewModel.swift in Sources */,
				84CD66F62A37AC1000E2351C /* Transition.swift in Sources */,
				84CD67322A37D4A900E2351C /* UserDetailRouter.swift in Sources */,
				84CD670C2A37B66A00E2351C /* UserManager.swift in Sources */,
				84CD67072A37B2B900E2351C /* DashboardRouter.swift in Sources */,
				84CD671C2A37BD4B00E2351C /* User+Extension.swift in Sources */,
				84CD66C02A37A62200E2351C /* LoginViewController.swift in Sources */,
				84CD67232A37C0C500E2351C /* UserCell.swift in Sources */,
				84CD66F12A37ABB200E2351C /* BaseViewModel.swift in Sources */,
				84CD66F32A37ABCB00E2351C /* BaseRouter.swift in Sources */,
				84CD67382A37DC2800E2351C /* Int+Extension.swift in Sources */,
				84CD67052A37B2AB00E2351C /* DashboardViewModel.swift in Sources */,
				84CD67252A37C3C500E2351C /* UIImageView+Extension.swift in Sources */,
				84CD67152A37B8F900E2351C /* UserAPIResponse.swift in Sources */,
				84CD670E2A37B67100E2351C /* User.swift in Sources */,
				84CD67282A37CE1300E2351C /* NetworkMonitor.swift in Sources */,
				84CD66F92A37AC8100E2351C /* AppRoute.swift in Sources */,
				84CD67192A37BCF100E2351C /* UserObject.swift in Sources */,
				84CD66BC2A37A62200E2351C /* AppDelegate.swift in Sources */,
				84CD66FE2A37ACDE00E2351C /* LoginRouter.swift in Sources */,
				84CD673A2A37E31200E2351C /* GeolocationManager.swift in Sources */,
				84CD67342A37D4DB00E2351C /* UserDetailViewController.swift in Sources */,
				84CD67032A37B2A000E2351C /* DashboardViewController.swift in Sources */,
				84CD67362A37D5ED00E2351C /* UserDetailRoute.swift in Sources */,
				84CD66EF2A37AB8800E2351C /* BaseViewController.swift in Sources */,
				84CD67002A37ACED00E2351C /* LoginViewModel.swift in Sources */,
			);
			runOnlyForDeploymentPostprocessing = 0;
		};
		84CD66CA2A37A62300E2351C /* Sources */ = {
			isa = PBXSourcesBuildPhase;
			buildActionMask = 2147483647;
			files = (
				84CD66D32A37A62300E2351C /* ProteinCodeChallangeTests.swift in Sources */,
			);
			runOnlyForDeploymentPostprocessing = 0;
		};
		84CD66D42A37A62300E2351C /* Sources */ = {
			isa = PBXSourcesBuildPhase;
			buildActionMask = 2147483647;
			files = (
				84CD66DD2A37A62300E2351C /* ProteinCodeChallangeUITests.swift in Sources */,
				84CD66DF2A37A62300E2351C /* ProteinCodeChallangeUITestsLaunchTests.swift in Sources */,
			);
			runOnlyForDeploymentPostprocessing = 0;
		};
/* End PBXSourcesBuildPhase section */

/* Begin PBXTargetDependency section */
		84CD66D02A37A62300E2351C /* PBXTargetDependency */ = {
			isa = PBXTargetDependency;
			target = 84CD66B72A37A62200E2351C /* ProteinCodeChallange */;
			targetProxy = 84CD66CF2A37A62300E2351C /* PBXContainerItemProxy */;
		};
		84CD66DA2A37A62300E2351C /* PBXTargetDependency */ = {
			isa = PBXTargetDependency;
			target = 84CD66B72A37A62200E2351C /* ProteinCodeChallange */;
			targetProxy = 84CD66D92A37A62300E2351C /* PBXContainerItemProxy */;
		};
/* End PBXTargetDependency section */

/* Begin PBXVariantGroup section */
		84CD66C62A37A62300E2351C /* LaunchScreen.storyboard */ = {
			isa = PBXVariantGroup;
			children = (
				84CD66C72A37A62300E2351C /* Base */,
			);
			name = LaunchScreen.storyboard;
			sourceTree = "<group>";
		};
/* End PBXVariantGroup section */

/* Begin XCBuildConfiguration section */
		84CD66E02A37A62300E2351C /* Debug */ = {
			isa = XCBuildConfiguration;
			buildSettings = {
				ALWAYS_SEARCH_USER_PATHS = NO;
				CLANG_ANALYZER_NONNULL = YES;
				CLANG_ANALYZER_NUMBER_OBJECT_CONVERSION = YES_AGGRESSIVE;
				CLANG_CXX_LANGUAGE_STANDARD = "gnu++20";
				CLANG_ENABLE_MODULES = YES;
				CLANG_ENABLE_OBJC_ARC = YES;
				CLANG_ENABLE_OBJC_WEAK = YES;
				CLANG_WARN_BLOCK_CAPTURE_AUTORELEASING = YES;
				CLANG_WARN_BOOL_CONVERSION = YES;
				CLANG_WARN_COMMA = YES;
				CLANG_WARN_CONSTANT_CONVERSION = YES;
				CLANG_WARN_DEPRECATED_OBJC_IMPLEMENTATIONS = YES;
				CLANG_WARN_DIRECT_OBJC_ISA_USAGE = YES_ERROR;
				CLANG_WARN_DOCUMENTATION_COMMENTS = YES;
				CLANG_WARN_EMPTY_BODY = YES;
				CLANG_WARN_ENUM_CONVERSION = YES;
				CLANG_WARN_INFINITE_RECURSION = YES;
				CLANG_WARN_INT_CONVERSION = YES;
				CLANG_WARN_NON_LITERAL_NULL_CONVERSION = YES;
				CLANG_WARN_OBJC_IMPLICIT_RETAIN_SELF = YES;
				CLANG_WARN_OBJC_LITERAL_CONVERSION = YES;
				CLANG_WARN_OBJC_ROOT_CLASS = YES_ERROR;
				CLANG_WARN_QUOTED_INCLUDE_IN_FRAMEWORK_HEADER = YES;
				CLANG_WARN_RANGE_LOOP_ANALYSIS = YES;
				CLANG_WARN_STRICT_PROTOTYPES = YES;
				CLANG_WARN_SUSPICIOUS_MOVE = YES;
				CLANG_WARN_UNGUARDED_AVAILABILITY = YES_AGGRESSIVE;
				CLANG_WARN_UNREACHABLE_CODE = YES;
				CLANG_WARN__DUPLICATE_METHOD_MATCH = YES;
				COPY_PHASE_STRIP = NO;
				DEBUG_INFORMATION_FORMAT = dwarf;
				ENABLE_STRICT_OBJC_MSGSEND = YES;
				ENABLE_TESTABILITY = YES;
				GCC_C_LANGUAGE_STANDARD = gnu11;
				GCC_DYNAMIC_NO_PIC = NO;
				GCC_NO_COMMON_BLOCKS = YES;
				GCC_OPTIMIZATION_LEVEL = 0;
				GCC_PREPROCESSOR_DEFINITIONS = (
					"DEBUG=1",
					"$(inherited)",
				);
				GCC_WARN_64_TO_32_BIT_CONVERSION = YES;
				GCC_WARN_ABOUT_RETURN_TYPE = YES_ERROR;
				GCC_WARN_UNDECLARED_SELECTOR = YES;
				GCC_WARN_UNINITIALIZED_AUTOS = YES_AGGRESSIVE;
				GCC_WARN_UNUSED_FUNCTION = YES;
				GCC_WARN_UNUSED_VARIABLE = YES;
				IPHONEOS_DEPLOYMENT_TARGET = 16.2;
				MTL_ENABLE_DEBUG_INFO = INCLUDE_SOURCE;
				MTL_FAST_MATH = YES;
				ONLY_ACTIVE_ARCH = YES;
				SDKROOT = iphoneos;
				SWIFT_ACTIVE_COMPILATION_CONDITIONS = DEBUG;
				SWIFT_OPTIMIZATION_LEVEL = "-Onone";
			};
			name = Debug;
		};
		84CD66E12A37A62300E2351C /* Release */ = {
			isa = XCBuildConfiguration;
			buildSettings = {
				ALWAYS_SEARCH_USER_PATHS = NO;
				CLANG_ANALYZER_NONNULL = YES;
				CLANG_ANALYZER_NUMBER_OBJECT_CONVERSION = YES_AGGRESSIVE;
				CLANG_CXX_LANGUAGE_STANDARD = "gnu++20";
				CLANG_ENABLE_MODULES = YES;
				CLANG_ENABLE_OBJC_ARC = YES;
				CLANG_ENABLE_OBJC_WEAK = YES;
				CLANG_WARN_BLOCK_CAPTURE_AUTORELEASING = YES;
				CLANG_WARN_BOOL_CONVERSION = YES;
				CLANG_WARN_COMMA = YES;
				CLANG_WARN_CONSTANT_CONVERSION = YES;
				CLANG_WARN_DEPRECATED_OBJC_IMPLEMENTATIONS = YES;
				CLANG_WARN_DIRECT_OBJC_ISA_USAGE = YES_ERROR;
				CLANG_WARN_DOCUMENTATION_COMMENTS = YES;
				CLANG_WARN_EMPTY_BODY = YES;
				CLANG_WARN_ENUM_CONVERSION = YES;
				CLANG_WARN_INFINITE_RECURSION = YES;
				CLANG_WARN_INT_CONVERSION = YES;
				CLANG_WARN_NON_LITERAL_NULL_CONVERSION = YES;
				CLANG_WARN_OBJC_IMPLICIT_RETAIN_SELF = YES;
				CLANG_WARN_OBJC_LITERAL_CONVERSION = YES;
				CLANG_WARN_OBJC_ROOT_CLASS = YES_ERROR;
				CLANG_WARN_QUOTED_INCLUDE_IN_FRAMEWORK_HEADER = YES;
				CLANG_WARN_RANGE_LOOP_ANALYSIS = YES;
				CLANG_WARN_STRICT_PROTOTYPES = YES;
				CLANG_WARN_SUSPICIOUS_MOVE = YES;
				CLANG_WARN_UNGUARDED_AVAILABILITY = YES_AGGRESSIVE;
				CLANG_WARN_UNREACHABLE_CODE = YES;
				CLANG_WARN__DUPLICATE_METHOD_MATCH = YES;
				COPY_PHASE_STRIP = NO;
				DEBUG_INFORMATION_FORMAT = "dwarf-with-dsym";
				ENABLE_NS_ASSERTIONS = NO;
				ENABLE_STRICT_OBJC_MSGSEND = YES;
				GCC_C_LANGUAGE_STANDARD = gnu11;
				GCC_NO_COMMON_BLOCKS = YES;
				GCC_WARN_64_TO_32_BIT_CONVERSION = YES;
				GCC_WARN_ABOUT_RETURN_TYPE = YES_ERROR;
				GCC_WARN_UNDECLARED_SELECTOR = YES;
				GCC_WARN_UNINITIALIZED_AUTOS = YES_AGGRESSIVE;
				GCC_WARN_UNUSED_FUNCTION = YES;
				GCC_WARN_UNUSED_VARIABLE = YES;
				IPHONEOS_DEPLOYMENT_TARGET = 16.2;
				MTL_ENABLE_DEBUG_INFO = NO;
				MTL_FAST_MATH = YES;
				SDKROOT = iphoneos;
				SWIFT_COMPILATION_MODE = wholemodule;
				SWIFT_OPTIMIZATION_LEVEL = "-O";
				VALIDATE_PRODUCT = YES;
			};
			name = Release;
		};
		84CD66E32A37A62300E2351C /* Debug */ = {
			isa = XCBuildConfiguration;
			buildSettings = {
				ASSETCATALOG_COMPILER_APPICON_NAME = AppIcon;
				ASSETCATALOG_COMPILER_GLOBAL_ACCENT_COLOR_NAME = AccentColor;
				CODE_SIGN_STYLE = Automatic;
				CURRENT_PROJECT_VERSION = 1;
				DEVELOPMENT_TEAM = R2B98N6BH8;
				GENERATE_INFOPLIST_FILE = YES;
				INFOPLIST_FILE = ProteinCodeChallange/Info.plist;
				INFOPLIST_KEY_UIApplicationSupportsIndirectInputEvents = YES;
				INFOPLIST_KEY_UILaunchStoryboardName = LaunchScreen;
				INFOPLIST_KEY_UISupportedInterfaceOrientations_iPad = "UIInterfaceOrientationPortrait UIInterfaceOrientationPortraitUpsideDown UIInterfaceOrientationLandscapeLeft UIInterfaceOrientationLandscapeRight";
				INFOPLIST_KEY_UISupportedInterfaceOrientations_iPhone = "UIInterfaceOrientationPortrait UIInterfaceOrientationLandscapeLeft UIInterfaceOrientationLandscapeRight";
				LD_RUNPATH_SEARCH_PATHS = (
					"$(inherited)",
					"@executable_path/Frameworks",
				);
				MARKETING_VERSION = 1.0;
				PRODUCT_BUNDLE_IDENTIFIER = com.oguzhankabul.ProteinCodeChallange;
				PRODUCT_NAME = "$(TARGET_NAME)";
				SWIFT_EMIT_LOC_STRINGS = YES;
				SWIFT_VERSION = 5.0;
				TARGETED_DEVICE_FAMILY = "1,2";
			};
			name = Debug;
		};
		84CD66E42A37A62300E2351C /* Release */ = {
			isa = XCBuildConfiguration;
			buildSettings = {
				ASSETCATALOG_COMPILER_APPICON_NAME = AppIcon;
				ASSETCATALOG_COMPILER_GLOBAL_ACCENT_COLOR_NAME = AccentColor;
				CODE_SIGN_STYLE = Automatic;
				CURRENT_PROJECT_VERSION = 1;
				DEVELOPMENT_TEAM = R2B98N6BH8;
				GENERATE_INFOPLIST_FILE = YES;
				INFOPLIST_FILE = ProteinCodeChallange/Info.plist;
				INFOPLIST_KEY_UIApplicationSupportsIndirectInputEvents = YES;
				INFOPLIST_KEY_UILaunchStoryboardName = LaunchScreen;
				INFOPLIST_KEY_UISupportedInterfaceOrientations_iPad = "UIInterfaceOrientationPortrait UIInterfaceOrientationPortraitUpsideDown UIInterfaceOrientationLandscapeLeft UIInterfaceOrientationLandscapeRight";
				INFOPLIST_KEY_UISupportedInterfaceOrientations_iPhone = "UIInterfaceOrientationPortrait UIInterfaceOrientationLandscapeLeft UIInterfaceOrientationLandscapeRight";
				LD_RUNPATH_SEARCH_PATHS = (
					"$(inherited)",
					"@executable_path/Frameworks",
				);
				MARKETING_VERSION = 1.0;
				PRODUCT_BUNDLE_IDENTIFIER = com.oguzhankabul.ProteinCodeChallange;
				PRODUCT_NAME = "$(TARGET_NAME)";
				SWIFT_EMIT_LOC_STRINGS = YES;
				SWIFT_VERSION = 5.0;
				TARGETED_DEVICE_FAMILY = "1,2";
			};
			name = Release;
		};
		84CD66E62A37A62300E2351C /* Debug */ = {
			isa = XCBuildConfiguration;
			buildSettings = {
				ALWAYS_EMBED_SWIFT_STANDARD_LIBRARIES = YES;
				BUNDLE_LOADER = "$(TEST_HOST)";
				CODE_SIGN_STYLE = Automatic;
				CURRENT_PROJECT_VERSION = 1;
				DEVELOPMENT_TEAM = R2B98N6BH8;
				GENERATE_INFOPLIST_FILE = YES;
				IPHONEOS_DEPLOYMENT_TARGET = 16.2;
				MARKETING_VERSION = 1.0;
				PRODUCT_BUNDLE_IDENTIFIER = com.oguzhankabul.ProteinCodeChallangeTests;
				PRODUCT_NAME = "$(TARGET_NAME)";
				SWIFT_EMIT_LOC_STRINGS = NO;
				SWIFT_VERSION = 5.0;
				TARGETED_DEVICE_FAMILY = "1,2";
				TEST_HOST = "$(BUILT_PRODUCTS_DIR)/ProteinCodeChallange.app/$(BUNDLE_EXECUTABLE_FOLDER_PATH)/ProteinCodeChallange";
			};
			name = Debug;
		};
		84CD66E72A37A62300E2351C /* Release */ = {
			isa = XCBuildConfiguration;
			buildSettings = {
				ALWAYS_EMBED_SWIFT_STANDARD_LIBRARIES = YES;
				BUNDLE_LOADER = "$(TEST_HOST)";
				CODE_SIGN_STYLE = Automatic;
				CURRENT_PROJECT_VERSION = 1;
				DEVELOPMENT_TEAM = R2B98N6BH8;
				GENERATE_INFOPLIST_FILE = YES;
				IPHONEOS_DEPLOYMENT_TARGET = 16.2;
				MARKETING_VERSION = 1.0;
				PRODUCT_BUNDLE_IDENTIFIER = com.oguzhankabul.ProteinCodeChallangeTests;
				PRODUCT_NAME = "$(TARGET_NAME)";
				SWIFT_EMIT_LOC_STRINGS = NO;
				SWIFT_VERSION = 5.0;
				TARGETED_DEVICE_FAMILY = "1,2";
				TEST_HOST = "$(BUILT_PRODUCTS_DIR)/ProteinCodeChallange.app/$(BUNDLE_EXECUTABLE_FOLDER_PATH)/ProteinCodeChallange";
			};
			name = Release;
		};
		84CD66E92A37A62300E2351C /* Debug */ = {
			isa = XCBuildConfiguration;
			buildSettings = {
				ALWAYS_EMBED_SWIFT_STANDARD_LIBRARIES = YES;
				CODE_SIGN_STYLE = Automatic;
				CURRENT_PROJECT_VERSION = 1;
				DEVELOPMENT_TEAM = R2B98N6BH8;
				GENERATE_INFOPLIST_FILE = YES;
				MARKETING_VERSION = 1.0;
				PRODUCT_BUNDLE_IDENTIFIER = com.oguzhankabul.ProteinCodeChallangeUITests;
				PRODUCT_NAME = "$(TARGET_NAME)";
				SWIFT_EMIT_LOC_STRINGS = NO;
				SWIFT_VERSION = 5.0;
				TARGETED_DEVICE_FAMILY = "1,2";
				TEST_TARGET_NAME = ProteinCodeChallange;
			};
			name = Debug;
		};
		84CD66EA2A37A62300E2351C /* Release */ = {
			isa = XCBuildConfiguration;
			buildSettings = {
				ALWAYS_EMBED_SWIFT_STANDARD_LIBRARIES = YES;
				CODE_SIGN_STYLE = Automatic;
				CURRENT_PROJECT_VERSION = 1;
				DEVELOPMENT_TEAM = R2B98N6BH8;
				GENERATE_INFOPLIST_FILE = YES;
				MARKETING_VERSION = 1.0;
				PRODUCT_BUNDLE_IDENTIFIER = com.oguzhankabul.ProteinCodeChallangeUITests;
				PRODUCT_NAME = "$(TARGET_NAME)";
				SWIFT_EMIT_LOC_STRINGS = NO;
				SWIFT_VERSION = 5.0;
				TARGETED_DEVICE_FAMILY = "1,2";
				TEST_TARGET_NAME = ProteinCodeChallange;
			};
			name = Release;
		};
/* End XCBuildConfiguration section */

/* Begin XCConfigurationList section */
		84CD66B32A37A62200E2351C /* Build configuration list for PBXProject "ProteinCodeChallange" */ = {
			isa = XCConfigurationList;
			buildConfigurations = (
				84CD66E02A37A62300E2351C /* Debug */,
				84CD66E12A37A62300E2351C /* Release */,
			);
			defaultConfigurationIsVisible = 0;
			defaultConfigurationName = Release;
		};
		84CD66E22A37A62300E2351C /* Build configuration list for PBXNativeTarget "ProteinCodeChallange" */ = {
			isa = XCConfigurationList;
			buildConfigurations = (
				84CD66E32A37A62300E2351C /* Debug */,
				84CD66E42A37A62300E2351C /* Release */,
			);
			defaultConfigurationIsVisible = 0;
			defaultConfigurationName = Release;
		};
		84CD66E52A37A62300E2351C /* Build configuration list for PBXNativeTarget "ProteinCodeChallangeTests" */ = {
			isa = XCConfigurationList;
			buildConfigurations = (
				84CD66E62A37A62300E2351C /* Debug */,
				84CD66E72A37A62300E2351C /* Release */,
			);
			defaultConfigurationIsVisible = 0;
			defaultConfigurationName = Release;
		};
		84CD66E82A37A62300E2351C /* Build configuration list for PBXNativeTarget "ProteinCodeChallangeUITests" */ = {
			isa = XCConfigurationList;
			buildConfigurations = (
				84CD66E92A37A62300E2351C /* Debug */,
				84CD66EA2A37A62300E2351C /* Release */,
			);
			defaultConfigurationIsVisible = 0;
			defaultConfigurationName = Release;
		};
/* End XCConfigurationList section */

/* Begin XCRemoteSwiftPackageReference section */
		84CD670F2A37B82200E2351C /* XCRemoteSwiftPackageReference "realm-cocoa" */ = {
			isa = XCRemoteSwiftPackageReference;
			repositoryURL = "https://github.com/realm/realm-cocoa";
			requirement = {
				branch = master;
				kind = branch;
			};
		};
		84CD671D2A37C06900E2351C /* XCRemoteSwiftPackageReference "Kingfisher" */ = {
			isa = XCRemoteSwiftPackageReference;
			repositoryURL = "https://github.com/onevcat/Kingfisher.git";
			requirement = {
				kind = upToNextMajorVersion;
				minimumVersion = 7.0.0;
			};
		};
/* End XCRemoteSwiftPackageReference section */

/* Begin XCSwiftPackageProductDependency section */
		84CD67102A37B82300E2351C /* Realm */ = {
			isa = XCSwiftPackageProductDependency;
			package = 84CD670F2A37B82200E2351C /* XCRemoteSwiftPackageReference "realm-cocoa" */;
			productName = Realm;
		};
		84CD67122A37B82300E2351C /* RealmSwift */ = {
			isa = XCSwiftPackageProductDependency;
			package = 84CD670F2A37B82200E2351C /* XCRemoteSwiftPackageReference "realm-cocoa" */;
			productName = RealmSwift;
		};
		84CD671E2A37C06900E2351C /* Kingfisher */ = {
			isa = XCSwiftPackageProductDependency;
			package = 84CD671D2A37C06900E2351C /* XCRemoteSwiftPackageReference "Kingfisher" */;
			productName = Kingfisher;
		};
/* End XCSwiftPackageProductDependency section */
	};
	rootObject = 84CD66B02A37A62200E2351C /* Project object */;
}
